
Microsoft Visual Studio Solution File, Format Version 12.00
# Visual Studio 15
VisualStudioVersion = 15.0.27703.2026
MinimumVisualStudioVersion = 10.0.40219.1
Project("{FAE04EC0-301F-11D3-BF4B-00C04F79EFBC}") = "APPRestaurante.Models", "APPRestaurante.Models\APPRestaurante.Models.csproj", "{2F71088A-A6E9-468B-AEE5-94FB71CC2417}"
EndProject
Project("{FAE04EC0-301F-11D3-BF4B-00C04F79EFBC}") = "APPRestaurante.Repository", "APPRestaurante.Repository\APPRestaurante.Repository.csproj", "{3320A24A-03B6-41D3-A767-A4513A6E5CC8}"
EndProject
Project("{FAE04EC0-301F-11D3-BF4B-00C04F79EFBC}") = "APPRestaurante.Repository.Test", "APPRestaurante.Repository.Test\APPRestaurante.Repository.Test.csproj", "{89CC50AF-98E9-4322-B294-F98696B6DBB7}"
EndProject
Project("{FAE04EC0-301F-11D3-BF4B-00C04F79EFBC}") = "APPRestaurante.UnitOfWork", "APPRestaurante.UnitOfWork\APPRestaurante.UnitOfWork.csproj", "{E61386B3-5649-4025-BB01-513A89EC7E30}"
EndProject
Global
	GlobalSection(SolutionConfigurationPlatforms) = preSolution
		Debug|Any CPU = Debug|Any CPU
		Release|Any CPU = Release|Any CPU
	EndGlobalSection
	GlobalSection(ProjectConfigurationPlatforms) = postSolution
		{2F71088A-A6E9-468B-AEE5-94FB71CC2417}.Debug|Any CPU.ActiveCfg = Debug|Any CPU
		{2F71088A-A6E9-468B-AEE5-94FB71CC2417}.Debug|Any CPU.Build.0 = Debug|Any CPU
		{2F71088A-A6E9-468B-AEE5-94FB71CC2417}.Release|Any CPU.ActiveCfg = Release|Any CPU
		{2F71088A-A6E9-468B-AEE5-94FB71CC2417}.Release|Any CPU.Build.0 = Release|Any CPU
		{3320A24A-03B6-41D3-A767-A4513A6E5CC8}.Debug|Any CPU.ActiveCfg = Debug|Any CPU
		{3320A24A-03B6-41D3-A767-A4513A6E5CC8}.Debug|Any CPU.Build.0 = Debug|Any CPU
		{3320A24A-03B6-41D3-A767-A4513A6E5CC8}.Release|Any CPU.ActiveCfg = Release|Any CPU
		{3320A24A-03B6-41D3-A767-A4513A6E5CC8}.Release|Any CPU.Build.0 = Release|Any CPU
		{89CC50AF-98E9-4322-B294-F98696B6DBB7}.Debug|Any CPU.ActiveCfg = Debug|Any CPU
		{89CC50AF-98E9-4322-B294-F98696B6DBB7}.Debug|Any CPU.Build.0 = Debug|Any CPU
		{89CC50AF-98E9-4322-B294-F98696B6DBB7}.Release|Any CPU.ActiveCfg = Release|Any CPU
		{89CC50AF-98E9-4322-B294-F98696B6DBB7}.Release|Any CPU.Build.0 = Release|Any CPU
		{E61386B3-5649-4025-BB01-513A89EC7E30}.Debug|Any CPU.ActiveCfg = Debug|Any CPU
		{E61386B3-5649-4025-BB01-513A89EC7E30}.Debug|Any CPU.Build.0 = Debug|Any CPU
		{E61386B3-5649-4025-BB01-513A89EC7E30}.Release|Any CPU.ActiveCfg = Release|Any CPU
		{E61386B3-5649-4025-BB01-513A89EC7E30}.Release|Any CPU.Build.0 = Release|Any CPU
	EndGlobalSection
	GlobalSection(SolutionProperties) = preSolution
		HideSolutionNode = FALSE
	EndGlobalSection
	GlobalSection(ExtensibilityGlobals) = postSolution
		SolutionGuid = {4DCC8CB2-5FA7-4E58-A977-CF22382EA692}
	EndGlobalSection
EndGlobal
