
Microsoft Visual Studio Solution File, Format Version 12.00
# Visual Studio 15
VisualStudioVersion = 15.0.27703.2026
MinimumVisualStudioVersion = 10.0.40219.1
Project("{FAE04EC0-301F-11D3-BF4B-00C04F79EFBC}") = "APPRestaurante.Web", "APPRestaurante.Web\APPRestaurante.Web.csproj", "{3C8BB31C-DDEA-4253-A8CD-0426A9F249A8}"
EndProject
Project("{2150E333-8FDC-42A3-9474-1A3956D46DE8}") = "1.- Web", "1.- Web", "{686F564D-85C8-43AB-B8A9-8747ADD8AB59}"
EndProject
Global
	GlobalSection(SolutionConfigurationPlatforms) = preSolution
		Debug|Any CPU = Debug|Any CPU
		Release|Any CPU = Release|Any CPU
	EndGlobalSection
	GlobalSection(ProjectConfigurationPlatforms) = postSolution
		{3C8BB31C-DDEA-4253-A8CD-0426A9F249A8}.Debug|Any CPU.ActiveCfg = Debug|Any CPU
		{3C8BB31C-DDEA-4253-A8CD-0426A9F249A8}.Debug|Any CPU.Build.0 = Debug|Any CPU
		{3C8BB31C-DDEA-4253-A8CD-0426A9F249A8}.Release|Any CPU.ActiveCfg = Release|Any CPU
		{3C8BB31C-DDEA-4253-A8CD-0426A9F249A8}.Release|Any CPU.Build.0 = Release|Any CPU
	EndGlobalSection
	GlobalSection(SolutionProperties) = preSolution
		HideSolutionNode = FALSE
	EndGlobalSection
	GlobalSection(NestedProjects) = preSolution
		{3C8BB31C-DDEA-4253-A8CD-0426A9F249A8} = {686F564D-85C8-43AB-B8A9-8747ADD8AB59}
	EndGlobalSection
	GlobalSection(ExtensibilityGlobals) = postSolution
		SolutionGuid = {4DCC8CB2-5FA7-4E58-A977-CF22382EA692}
	EndGlobalSection
EndGlobal
